// !$*UTF8*$!
{
	archiveVersion = 1;
	classes = {
	};
	objectVersion = 46;
	objects = {

/* Begin PBXBuildFile section */
		A96E7991BC462C425F41D5AC /* libPods-塑形大师.a in Frameworks */ = {isa = PBXBuildFile; fileRef = 5EAC2DAE5602F305F5826FCD /* libPods-塑形大师.a */; };
		C404194F1F9DEA7900CD211E /* TYCountingViewController.m in Sources */ = {isa = PBXBuildFile; fileRef = C404194E1F9DEA7900CD211E /* TYCountingViewController.m */; };
		C4272F121F5CEEB6005FCD17 /* main.m in Sources */ = {isa = PBXBuildFile; fileRef = C4272F111F5CEEB6005FCD17 /* main.m */; };
		C4272F151F5CEEB6005FCD17 /* AppDelegate.m in Sources */ = {isa = PBXBuildFile; fileRef = C4272F141F5CEEB6005FCD17 /* AppDelegate.m */; };
		C4272F1D1F5CEEB6005FCD17 /* Assets.xcassets in Resources */ = {isa = PBXBuildFile; fileRef = C4272F1C1F5CEEB6005FCD17 /* Assets.xcassets */; };
		C4272F201F5CEEB6005FCD17 /* LaunchScreen.storyboard in Resources */ = {isa = PBXBuildFile; fileRef = C4272F1E1F5CEEB6005FCD17 /* LaunchScreen.storyboard */; };
		C4272F341F5CF5F8005FCD17 /* TYMainViewController.m in Sources */ = {isa = PBXBuildFile; fileRef = C4272F331F5CF5F8005FCD17 /* TYMainViewController.m */; };
		C4272F371F5CF621005FCD17 /* TYNavigationController.m in Sources */ = {isa = PBXBuildFile; fileRef = C4272F361F5CF621005FCD17 /* TYNavigationController.m */; };
		C4272F3A1F5CF8B5005FCD17 /* TYNavigationBar.m in Sources */ = {isa = PBXBuildFile; fileRef = C4272F391F5CF8B5005FCD17 /* TYNavigationBar.m */; };
		C4272F3D1F5CF965005FCD17 /* TYTabBar.m in Sources */ = {isa = PBXBuildFile; fileRef = C4272F3C1F5CF965005FCD17 /* TYTabBar.m */; };
		C4272F431F5D2E49005FCD17 /* Main.storyboard in Resources */ = {isa = PBXBuildFile; fileRef = C4272F421F5D2E49005FCD17 /* Main.storyboard */; };
		C4272F461F5D4260005FCD17 /* TYItemCollectionViewCell.m in Sources */ = {isa = PBXBuildFile; fileRef = C4272F451F5D4260005FCD17 /* TYItemCollectionViewCell.m */; };
		C4272F491F5E914A005FCD17 /* TYWaveView.m in Sources */ = {isa = PBXBuildFile; fileRef = C4272F481F5E914A005FCD17 /* TYWaveView.m */; };
		C4272F4C1F5FCB76005FCD17 /* TYRoofView.m in Sources */ = {isa = PBXBuildFile; fileRef = C4272F4B1F5FCB76005FCD17 /* TYRoofView.m */; };
		C4272F501F612B02005FCD17 /* UIResponder+Event.m in Sources */ = {isa = PBXBuildFile; fileRef = C4272F4F1F612B02005FCD17 /* UIResponder+Event.m */; };
		C4272F531F624607005FCD17 /* TYStatView.m in Sources */ = {isa = PBXBuildFile; fileRef = C4272F521F624607005FCD17 /* TYStatView.m */; };
		C4272F561F628FA6005FCD17 /* TYPlanView.m in Sources */ = {isa = PBXBuildFile; fileRef = C4272F551F628FA6005FCD17 /* TYPlanView.m */; };
		C4272F641F66A954005FCD17 /* LocalAuthentication.framework in Frameworks */ = {isa = PBXBuildFile; fileRef = C4272F631F66A954005FCD17 /* LocalAuthentication.framework */; };
		C4EA74BA1F9F23CF003A736E /* TYCountingView.m in Sources */ = {isa = PBXBuildFile; fileRef = C4EA74B91F9F23CF003A736E /* TYCountingView.m */; };
/* End PBXBuildFile section */

/* Begin PBXFileReference section */
		5EAC2DAE5602F305F5826FCD /* libPods-塑形大师.a */ = {isa = PBXFileReference; explicitFileType = archive.ar; includeInIndex = 0; path = "libPods-塑形大师.a"; sourceTree = BUILT_PRODUCTS_DIR; };
		8F07FC7B42FEE8D1F7D7C978 /* Pods-塑形大师.release.xcconfig */ = {isa = PBXFileReference; includeInIndex = 1; lastKnownFileType = text.xcconfig; name = "Pods-塑形大师.release.xcconfig"; path = "Pods/Target Support Files/Pods-塑形大师/Pods-塑形大师.release.xcconfig"; sourceTree = "<group>"; };
		C404194D1F9DEA7800CD211E /* TYCountingViewController.h */ = {isa = PBXFileReference; lastKnownFileType = sourcecode.c.h; path = TYCountingViewController.h; sourceTree = "<group>"; };
		C404194E1F9DEA7900CD211E /* TYCountingViewController.m */ = {isa = PBXFileReference; lastKnownFileType = sourcecode.c.objc; path = TYCountingViewController.m; sourceTree = "<group>"; };
		C4272F0D1F5CEEB6005FCD17 /* 塑形大师.app */ = {isa = PBXFileReference; explicitFileType = wrapper.application; includeInIndex = 0; path = "塑形大师.app"; sourceTree = BUILT_PRODUCTS_DIR; };
		C4272F111F5CEEB6005FCD17 /* main.m */ = {isa = PBXFileReference; lastKnownFileType = sourcecode.c.objc; path = main.m; sourceTree = "<group>"; };
		C4272F131F5CEEB6005FCD17 /* AppDelegate.h */ = {isa = PBXFileReference; lastKnownFileType = sourcecode.c.h; path = AppDelegate.h; sourceTree = "<group>"; };
		C4272F141F5CEEB6005FCD17 /* AppDelegate.m */ = {isa = PBXFileReference; lastKnownFileType = sourcecode.c.objc; path = AppDelegate.m; sourceTree = "<group>"; };
		C4272F1C1F5CEEB6005FCD17 /* Assets.xcassets */ = {isa = PBXFileReference; lastKnownFileType = folder.assetcatalog; path = Assets.xcassets; sourceTree = "<group>"; };
		C4272F1F1F5CEEB6005FCD17 /* Base */ = {isa = PBXFileReference; lastKnownFileType = file.storyboard; name = Base; path = Base.lproj/LaunchScreen.storyboard; sourceTree = "<group>"; };
		C4272F211F5CEEB6005FCD17 /* Info.plist */ = {isa = PBXFileReference; lastKnownFileType = text.plist.xml; path = Info.plist; sourceTree = "<group>"; };
		C4272F321F5CF5F8005FCD17 /* TYMainViewController.h */ = {isa = PBXFileReference; fileEncoding = 4; lastKnownFileType = sourcecode.c.h; path = TYMainViewController.h; sourceTree = "<group>"; };
		C4272F331F5CF5F8005FCD17 /* TYMainViewController.m */ = {isa = PBXFileReference; fileEncoding = 4; lastKnownFileType = sourcecode.c.objc; path = TYMainViewController.m; sourceTree = "<group>"; };
		C4272F351F5CF621005FCD17 /* TYNavigationController.h */ = {isa = PBXFileReference; fileEncoding = 4; lastKnownFileType = sourcecode.c.h; path = TYNavigationController.h; sourceTree = "<group>"; };
		C4272F361F5CF621005FCD17 /* TYNavigationController.m */ = {isa = PBXFileReference; fileEncoding = 4; lastKnownFileType = sourcecode.c.objc; path = TYNavigationController.m; sourceTree = "<group>"; };
		C4272F381F5CF8B5005FCD17 /* TYNavigationBar.h */ = {isa = PBXFileReference; fileEncoding = 4; lastKnownFileType = sourcecode.c.h; path = TYNavigationBar.h; sourceTree = "<group>"; };
		C4272F391F5CF8B5005FCD17 /* TYNavigationBar.m */ = {isa = PBXFileReference; fileEncoding = 4; lastKnownFileType = sourcecode.c.objc; path = TYNavigationBar.m; sourceTree = "<group>"; };
		C4272F3B1F5CF965005FCD17 /* TYTabBar.h */ = {isa = PBXFileReference; fileEncoding = 4; lastKnownFileType = sourcecode.c.h; path = TYTabBar.h; sourceTree = "<group>"; };
		C4272F3C1F5CF965005FCD17 /* TYTabBar.m */ = {isa = PBXFileReference; fileEncoding = 4; lastKnownFileType = sourcecode.c.objc; path = TYTabBar.m; sourceTree = "<group>"; };
		C4272F421F5D2E49005FCD17 /* Main.storyboard */ = {isa = PBXFileReference; fileEncoding = 4; lastKnownFileType = file.storyboard; path = Main.storyboard; sourceTree = "<group>"; };
		C4272F441F5D4260005FCD17 /* TYItemCollectionViewCell.h */ = {isa = PBXFileReference; fileEncoding = 4; lastKnownFileType = sourcecode.c.h; path = TYItemCollectionViewCell.h; sourceTree = "<group>"; };
		C4272F451F5D4260005FCD17 /* TYItemCollectionViewCell.m */ = {isa = PBXFileReference; fileEncoding = 4; lastKnownFileType = sourcecode.c.objc; path = TYItemCollectionViewCell.m; sourceTree = "<group>"; };
		C4272F471F5E914A005FCD17 /* TYWaveView.h */ = {isa = PBXFileReference; fileEncoding = 4; lastKnownFileType = sourcecode.c.h; path = TYWaveView.h; sourceTree = "<group>"; };
		C4272F481F5E914A005FCD17 /* TYWaveView.m */ = {isa = PBXFileReference; fileEncoding = 4; lastKnownFileType = sourcecode.c.objc; path = TYWaveView.m; sourceTree = "<group>"; };
		C4272F4A1F5FCB76005FCD17 /* TYRoofView.h */ = {isa = PBXFileReference; fileEncoding = 4; lastKnownFileType = sourcecode.c.h; path = TYRoofView.h; sourceTree = "<group>"; };
		C4272F4B1F5FCB76005FCD17 /* TYRoofView.m */ = {isa = PBXFileReference; fileEncoding = 4; lastKnownFileType = sourcecode.c.objc; path = TYRoofView.m; sourceTree = "<group>"; };
		C4272F4E1F612B02005FCD17 /* UIResponder+Event.h */ = {isa = PBXFileReference; fileEncoding = 4; lastKnownFileType = sourcecode.c.h; path = "UIResponder+Event.h"; sourceTree = "<group>"; };
		C4272F4F1F612B02005FCD17 /* UIResponder+Event.m */ = {isa = PBXFileReference; fileEncoding = 4; lastKnownFileType = sourcecode.c.objc; path = "UIResponder+Event.m"; sourceTree = "<group>"; };
		C4272F511F624607005FCD17 /* TYStatView.h */ = {isa = PBXFileReference; fileEncoding = 4; lastKnownFileType = sourcecode.c.h; path = TYStatView.h; sourceTree = "<group>"; };
		C4272F521F624607005FCD17 /* TYStatView.m */ = {isa = PBXFileReference; fileEncoding = 4; lastKnownFileType = sourcecode.c.objc; path = TYStatView.m; sourceTree = "<group>"; };
		C4272F541F628FA6005FCD17 /* TYPlanView.h */ = {isa = PBXFileReference; fileEncoding = 4; lastKnownFileType = sourcecode.c.h; path = TYPlanView.h; sourceTree = "<group>"; };
		C4272F551F628FA6005FCD17 /* TYPlanView.m */ = {isa = PBXFileReference; fileEncoding = 4; lastKnownFileType = sourcecode.c.objc; path = TYPlanView.m; sourceTree = "<group>"; };
		C4272F631F66A954005FCD17 /* LocalAuthentication.framework */ = {isa = PBXFileReference; lastKnownFileType = wrapper.framework; name = LocalAuthentication.framework; path = System/Library/Frameworks/LocalAuthentication.framework; sourceTree = SDKROOT; };
		C4EA74B31F9EE418003A736E /* PrefixHeader.pch */ = {isa = PBXFileReference; lastKnownFileType = sourcecode.c.h; path = PrefixHeader.pch; sourceTree = "<group>"; };
		C4EA74B81F9F23CF003A736E /* TYCountingView.h */ = {isa = PBXFileReference; lastKnownFileType = sourcecode.c.h; path = TYCountingView.h; sourceTree = "<group>"; };
		C4EA74B91F9F23CF003A736E /* TYCountingView.m */ = {isa = PBXFileReference; lastKnownFileType = sourcecode.c.objc; path = TYCountingView.m; sourceTree = "<group>"; };
		F2B803D68DE0681B291D0F46 /* Pods-塑形大师.debug.xcconfig */ = {isa = PBXFileReference; includeInIndex = 1; lastKnownFileType = text.xcconfig; name = "Pods-塑形大师.debug.xcconfig"; path = "Pods/Target Support Files/Pods-塑形大师/Pods-塑形大师.debug.xcconfig"; sourceTree = "<group>"; };
/* End PBXFileReference section */

/* Begin PBXFrameworksBuildPhase section */
		C4272F0A1F5CEEB6005FCD17 /* Frameworks */ = {
			isa = PBXFrameworksBuildPhase;
			buildActionMask = 2147483647;
			files = (
				C4272F641F66A954005FCD17 /* LocalAuthentication.framework in Frameworks */,
				A96E7991BC462C425F41D5AC /* libPods-塑形大师.a in Frameworks */,
			);
			runOnlyForDeploymentPostprocessing = 0;
		};
/* End PBXFrameworksBuildPhase section */

/* Begin PBXGroup section */
		5274869127F2571386B63B11 /* Pods */ = {
			isa = PBXGroup;
			children = (
				F2B803D68DE0681B291D0F46 /* Pods-塑形大师.debug.xcconfig */,
				8F07FC7B42FEE8D1F7D7C978 /* Pods-塑形大师.release.xcconfig */,
			);
			name = Pods;
			sourceTree = "<group>";
		};
		58A2D0AAEF45AC81E6117AC7 /* Frameworks */ = {
			isa = PBXGroup;
			children = (
				C4272F631F66A954005FCD17 /* LocalAuthentication.framework */,
				5EAC2DAE5602F305F5826FCD /* libPods-塑形大师.a */,
			);
			name = Frameworks;
			sourceTree = "<group>";
		};
		C4272F041F5CEEB6005FCD17 = {
			isa = PBXGroup;
			children = (
				C4272F0F1F5CEEB6005FCD17 /* 塑形大师 */,
				C4272F0E1F5CEEB6005FCD17 /* Products */,
				5274869127F2571386B63B11 /* Pods */,
				58A2D0AAEF45AC81E6117AC7 /* Frameworks */,
			);
			sourceTree = "<group>";
		};
		C4272F0E1F5CEEB6005FCD17 /* Products */ = {
			isa = PBXGroup;
			children = (
				C4272F0D1F5CEEB6005FCD17 /* 塑形大师.app */,
			);
			name = Products;
			sourceTree = "<group>";
		};
		C4272F0F1F5CEEB6005FCD17 /* 塑形大师 */ = {
			isa = PBXGroup;
			children = (
				C4272F271F5CEECD005FCD17 /* Main */,
				C4272F281F5CEEF8005FCD17 /* Other */,
				C4272F101F5CEEB6005FCD17 /* Supporting Files */,
			);
			path = "塑形大师";
			sourceTree = "<group>";
		};
		C4272F101F5CEEB6005FCD17 /* Supporting Files */ = {
			isa = PBXGroup;
			children = (
				C4272F1E1F5CEEB6005FCD17 /* LaunchScreen.storyboard */,
				C4EA74B31F9EE418003A736E /* PrefixHeader.pch */,
				C4272F111F5CEEB6005FCD17 /* main.m */,
				C4272F211F5CEEB6005FCD17 /* Info.plist */,
				C4272F1C1F5CEEB6005FCD17 /* Assets.xcassets */,
			);
			name = "Supporting Files";
			sourceTree = "<group>";
		};
		C4272F271F5CEECD005FCD17 /* Main */ = {
			isa = PBXGroup;
			children = (
				C4272F411F5D2DE8005FCD17 /* Storyboard */,
				C4272F301F5CF4E6005FCD17 /* ViewModel */,
				C4272F2E1F5CF448005FCD17 /* Model */,
				C4272F2F1F5CF45D005FCD17 /* View */,
				C4272F2D1F5CF421005FCD17 /* Controller */,
			);
			name = Main;
			sourceTree = "<group>";
		};
		C4272F281F5CEEF8005FCD17 /* Other */ = {
			isa = PBXGroup;
			children = (
				C4272F4D1F612AC5005FCD17 /* Category */,
				C4272F3F1F5D2DA5005FCD17 /* Tool */,
				C4272F3E1F5D2D81005FCD17 /* Helper */,
				C4272F311F5CF5CA005FCD17 /* Common */,
			);
			name = Other;
			sourceTree = "<group>";
		};
		C4272F2D1F5CF421005FCD17 /* Controller */ = {
			isa = PBXGroup;
			children = (
				C4272F321F5CF5F8005FCD17 /* TYMainViewController.h */,
				C4272F331F5CF5F8005FCD17 /* TYMainViewController.m */,
				C404194D1F9DEA7800CD211E /* TYCountingViewController.h */,
				C404194E1F9DEA7900CD211E /* TYCountingViewController.m */,
			);
			name = Controller;
			sourceTree = "<group>";
		};
		C4272F2E1F5CF448005FCD17 /* Model */ = {
			isa = PBXGroup;
			children = (
			);
			name = Model;
			sourceTree = "<group>";
		};
		C4272F2F1F5CF45D005FCD17 /* View */ = {
			isa = PBXGroup;
			children = (
				C4272F441F5D4260005FCD17 /* TYItemCollectionViewCell.h */,
				C4272F451F5D4260005FCD17 /* TYItemCollectionViewCell.m */,
				C4272F471F5E914A005FCD17 /* TYWaveView.h */,
				C4272F481F5E914A005FCD17 /* TYWaveView.m */,
				C4272F4A1F5FCB76005FCD17 /* TYRoofView.h */,
				C4272F4B1F5FCB76005FCD17 /* TYRoofView.m */,
				C4272F511F624607005FCD17 /* TYStatView.h */,
				C4272F521F624607005FCD17 /* TYStatView.m */,
				C4272F541F628FA6005FCD17 /* TYPlanView.h */,
				C4272F551F628FA6005FCD17 /* TYPlanView.m */,
				C4EA74B81F9F23CF003A736E /* TYCountingView.h */,
				C4EA74B91F9F23CF003A736E /* TYCountingView.m */,
			);
			name = View;
			sourceTree = "<group>";
		};
		C4272F301F5CF4E6005FCD17 /* ViewModel */ = {
			isa = PBXGroup;
			children = (
			);
			name = ViewModel;
			sourceTree = "<group>";
		};
		C4272F311F5CF5CA005FCD17 /* Common */ = {
			isa = PBXGroup;
			children = (
				C4272F131F5CEEB6005FCD17 /* AppDelegate.h */,
				C4272F141F5CEEB6005FCD17 /* AppDelegate.m */,
				C4272F351F5CF621005FCD17 /* TYNavigationController.h */,
				C4272F361F5CF621005FCD17 /* TYNavigationController.m */,
				C4272F381F5CF8B5005FCD17 /* TYNavigationBar.h */,
				C4272F391F5CF8B5005FCD17 /* TYNavigationBar.m */,
				C4272F3B1F5CF965005FCD17 /* TYTabBar.h */,
				C4272F3C1F5CF965005FCD17 /* TYTabBar.m */,
			);
			name = Common;
			sourceTree = "<group>";
		};
		C4272F3E1F5D2D81005FCD17 /* Helper */ = {
			isa = PBXGroup;
			children = (
			);
			name = Helper;
			sourceTree = "<group>";
		};
		C4272F3F1F5D2DA5005FCD17 /* Tool */ = {
			isa = PBXGroup;
			children = (
			);
			name = Tool;
			sourceTree = "<group>";
		};
		C4272F411F5D2DE8005FCD17 /* Storyboard */ = {
			isa = PBXGroup;
			children = (
				C4272F421F5D2E49005FCD17 /* Main.storyboard */,
			);
			name = Storyboard;
			sourceTree = "<group>";
		};
		C4272F4D1F612AC5005FCD17 /* Category */ = {
			isa = PBXGroup;
			children = (
				C4272F4E1F612B02005FCD17 /* UIResponder+Event.h */,
				C4272F4F1F612B02005FCD17 /* UIResponder+Event.m */,
			);
			name = Category;
			sourceTree = "<group>";
		};
/* End PBXGroup section */

/* Begin PBXNativeTarget section */
		C4272F0C1F5CEEB6005FCD17 /* 塑形大师 */ = {
			isa = PBXNativeTarget;
			buildConfigurationList = C4272F241F5CEEB6005FCD17 /* Build configuration list for PBXNativeTarget "塑形大师" */;
			buildPhases = (
				801ECB57AED8FFCD20DBEF5C /* [CP] Check Pods Manifest.lock */,
				C4272F091F5CEEB6005FCD17 /* Sources */,
				C4272F0A1F5CEEB6005FCD17 /* Frameworks */,
				C4272F0B1F5CEEB6005FCD17 /* Resources */,
				E360F660CCE43E2A14962B10 /* [CP] Embed Pods Frameworks */,
				A0682316657717787C1C4B58 /* [CP] Copy Pods Resources */,
			);
			buildRules = (
			);
			dependencies = (
			);
			name = "塑形大师";
			productName = "塑形大师";
			productReference = C4272F0D1F5CEEB6005FCD17 /* 塑形大师.app */;
			productType = "com.apple.product-type.application";
		};
/* End PBXNativeTarget section */

/* Begin PBXProject section */
		C4272F051F5CEEB6005FCD17 /* Project object */ = {
			isa = PBXProject;
			attributes = {
				LastUpgradeCheck = 0900;
				ORGANIZATIONNAME = com.tenyears;
				TargetAttributes = {
					C4272F0C1F5CEEB6005FCD17 = {
						CreatedOnToolsVersion = 8.3.3;
						DevelopmentTeam = CA9DY76H9N;
						ProvisioningStyle = Automatic;
					};
				};
			};
			buildConfigurationList = C4272F081F5CEEB6005FCD17 /* Build configuration list for PBXProject "塑形大师" */;
			compatibilityVersion = "Xcode 3.2";
			developmentRegion = English;
			hasScannedForEncodings = 0;
			knownRegions = (
				en,
				Base,
			);
			mainGroup = C4272F041F5CEEB6005FCD17;
			productRefGroup = C4272F0E1F5CEEB6005FCD17 /* Products */;
			projectDirPath = "";
			projectRoot = "";
			targets = (
				C4272F0C1F5CEEB6005FCD17 /* 塑形大师 */,
			);
		};
/* End PBXProject section */

/* Begin PBXResourcesBuildPhase section */
		C4272F0B1F5CEEB6005FCD17 /* Resources */ = {
			isa = PBXResourcesBuildPhase;
			buildActionMask = 2147483647;
			files = (
				C4272F431F5D2E49005FCD17 /* Main.storyboard in Resources */,
				C4272F201F5CEEB6005FCD17 /* LaunchScreen.storyboard in Resources */,
				C4272F1D1F5CEEB6005FCD17 /* Assets.xcassets in Resources */,
			);
			runOnlyForDeploymentPostprocessing = 0;
		};
/* End PBXResourcesBuildPhase section */

/* Begin PBXShellScriptBuildPhase section */
		801ECB57AED8FFCD20DBEF5C /* [CP] Check Pods Manifest.lock */ = {
			isa = PBXShellScriptBuildPhase;
			buildActionMask = 2147483647;
			files = (
			);
			inputPaths = (
			);
			name = "[CP] Check Pods Manifest.lock";
			outputPaths = (
			);
			runOnlyForDeploymentPostprocessing = 0;
			shellPath = /bin/sh;
			shellScript = "diff \"${PODS_PODFILE_DIR_PATH}/Podfile.lock\" \"${PODS_ROOT}/Manifest.lock\" > /dev/null\nif [ $? != 0 ] ; then\n    # print error to STDERR\n    echo \"error: The sandbox is not in sync with the Podfile.lock. Run 'pod install' or update your CocoaPods installation.\" >&2\n    exit 1\nfi\n";
			showEnvVarsInLog = 0;
		};
		A0682316657717787C1C4B58 /* [CP] Copy Pods Resources */ = {
			isa = PBXShellScriptBuildPhase;
			buildActionMask = 2147483647;
			files = (
			);
			inputPaths = (
			);
			name = "[CP] Copy Pods Resources";
			outputPaths = (
			);
			runOnlyForDeploymentPostprocessing = 0;
			shellPath = /bin/sh;
			shellScript = "\"${SRCROOT}/Pods/Target Support Files/Pods-塑形大师/Pods-塑形大师-resources.sh\"\n";
			showEnvVarsInLog = 0;
		};
		E360F660CCE43E2A14962B10 /* [CP] Embed Pods Frameworks */ = {
			isa = PBXShellScriptBuildPhase;
			buildActionMask = 2147483647;
			files = (
			);
			inputPaths = (
			);
			name = "[CP] Embed Pods Frameworks";
			outputPaths = (
			);
			runOnlyForDeploymentPostprocessing = 0;
			shellPath = /bin/sh;
			shellScript = "\"${SRCROOT}/Pods/Target Support Files/Pods-塑形大师/Pods-塑形大师-frameworks.sh\"\n";
			showEnvVarsInLog = 0;
		};
/* End PBXShellScriptBuildPhase section */

/* Begin PBXSourcesBuildPhase section */
		C4272F091F5CEEB6005FCD17 /* Sources */ = {
			isa = PBXSourcesBuildPhase;
			buildActionMask = 2147483647;
			files = (
				C4272F371F5CF621005FCD17 /* TYNavigationController.m in Sources */,
				C4272F501F612B02005FCD17 /* UIResponder+Event.m in Sources */,
				C4272F531F624607005FCD17 /* TYStatView.m in Sources */,
				C4272F4C1F5FCB76005FCD17 /* TYRoofView.m in Sources */,
				C4EA74BA1F9F23CF003A736E /* TYCountingView.m in Sources */,
				C4272F461F5D4260005FCD17 /* TYItemCollectionViewCell.m in Sources */,
				C4272F151F5CEEB6005FCD17 /* AppDelegate.m in Sources */,
				C4272F561F628FA6005FCD17 /* TYPlanView.m in Sources */,
				C4272F3D1F5CF965005FCD17 /* TYTabBar.m in Sources */,
				C4272F491F5E914A005FCD17 /* TYWaveView.m in Sources */,
				C4272F121F5CEEB6005FCD17 /* main.m in Sources */,
				C4272F3A1F5CF8B5005FCD17 /* TYNavigationBar.m in Sources */,
				C4272F341F5CF5F8005FCD17 /* TYMainViewController.m in Sources */,
				C404194F1F9DEA7900CD211E /* TYCountingViewController.m in Sources */,
			);
			runOnlyForDeploymentPostprocessing = 0;
		};
/* End PBXSourcesBuildPhase section */

/* Begin PBXVariantGroup section */
		C4272F1E1F5CEEB6005FCD17 /* LaunchScreen.storyboard */ = {
			isa = PBXVariantGroup;
			children = (
				C4272F1F1F5CEEB6005FCD17 /* Base */,
			);
			name = LaunchScreen.storyboard;
			sourceTree = "<group>";
		};
/* End PBXVariantGroup section */

/* Begin XCBuildConfiguration section */
		C4272F221F5CEEB6005FCD17 /* Debug */ = {
			isa = XCBuildConfiguration;
			buildSettings = {
				ALWAYS_SEARCH_USER_PATHS = NO;
				CLANG_ANALYZER_NONNULL = YES;
				CLANG_ANALYZER_NUMBER_OBJECT_CONVERSION = YES_AGGRESSIVE;
				CLANG_CXX_LANGUAGE_STANDARD = "gnu++0x";
				CLANG_CXX_LIBRARY = "libc++";
				CLANG_ENABLE_MODULES = YES;
				CLANG_ENABLE_OBJC_ARC = YES;
				CLANG_WARN_BLOCK_CAPTURE_AUTORELEASING = YES;
				CLANG_WARN_BOOL_CONVERSION = YES;
				CLANG_WARN_COMMA = YES;
				CLANG_WARN_CONSTANT_CONVERSION = YES;
				CLANG_WARN_DIRECT_OBJC_ISA_USAGE = YES_ERROR;
				CLANG_WARN_DOCUMENTATION_COMMENTS = YES;
				CLANG_WARN_EMPTY_BODY = YES;
				CLANG_WARN_ENUM_CONVERSION = YES;
				CLANG_WARN_INFINITE_RECURSION = YES;
				CLANG_WARN_INT_CONVERSION = YES;
				CLANG_WARN_NON_LITERAL_NULL_CONVERSION = YES;
				CLANG_WARN_OBJC_LITERAL_CONVERSION = YES;
				CLANG_WARN_OBJC_ROOT_CLASS = YES_ERROR;
				CLANG_WARN_RANGE_LOOP_ANALYSIS = YES;
				CLANG_WARN_STRICT_PROTOTYPES = YES;
				CLANG_WARN_SUSPICIOUS_MOVE = YES;
				CLANG_WARN_UNREACHABLE_CODE = YES;
				CLANG_WARN__DUPLICATE_METHOD_MATCH = YES;
				"CODE_SIGN_IDENTITY[sdk=iphoneos*]" = "iPhone Developer";
				COPY_PHASE_STRIP = NO;
				DEBUG_INFORMATION_FORMAT = dwarf;
				ENABLE_STRICT_OBJC_MSGSEND = YES;
				ENABLE_TESTABILITY = YES;
				GCC_C_LANGUAGE_STANDARD = gnu99;
				GCC_DYNAMIC_NO_PIC = NO;
				GCC_NO_COMMON_BLOCKS = YES;
				GCC_OPTIMIZATION_LEVEL = 0;
				GCC_PREPROCESSOR_DEFINITIONS = (
					"DEBUG=1",
					"$(inherited)",
				);
				GCC_WARN_64_TO_32_BIT_CONVERSION = YES;
				GCC_WARN_ABOUT_RETURN_TYPE = YES_ERROR;
				GCC_WARN_UNDECLARED_SELECTOR = YES;
				GCC_WARN_UNINITIALIZED_AUTOS = YES_AGGRESSIVE;
				GCC_WARN_UNUSED_FUNCTION = YES;
				GCC_WARN_UNUSED_VARIABLE = YES;
				IPHONEOS_DEPLOYMENT_TARGET = 8.0;
				MTL_ENABLE_DEBUG_INFO = YES;
				ONLY_ACTIVE_ARCH = YES;
				SDKROOT = iphoneos;
			};
			name = Debug;
		};
		C4272F231F5CEEB6005FCD17 /* Release */ = {
			isa = XCBuildConfiguration;
			buildSettings = {
				ALWAYS_SEARCH_USER_PATHS = NO;
				CLANG_ANALYZER_NONNULL = YES;
				CLANG_ANALYZER_NUMBER_OBJECT_CONVERSION = YES_AGGRESSIVE;
				CLANG_CXX_LANGUAGE_STANDARD = "gnu++0x";
				CLANG_CXX_LIBRARY = "libc++";
				CLANG_ENABLE_MODULES = YES;
				CLANG_ENABLE_OBJC_ARC = YES;
				CLANG_WARN_BLOCK_CAPTURE_AUTORELEASING = YES;
				CLANG_WARN_BOOL_CONVERSION = YES;
				CLANG_WARN_COMMA = YES;
				CLANG_WARN_CONSTANT_CONVERSION = YES;
				CLANG_WARN_DIRECT_OBJC_ISA_USAGE = YES_ERROR;
				CLANG_WARN_DOCUMENTATION_COMMENTS = YES;
				CLANG_WARN_EMPTY_BODY = YES;
				CLANG_WARN_ENUM_CONVERSION = YES;
				CLANG_WARN_INFINITE_RECURSION = YES;
				CLANG_WARN_INT_CONVERSION = YES;
				CLANG_WARN_NON_LITERAL_NULL_CONVERSION = YES;
				CLANG_WARN_OBJC_LITERAL_CONVERSION = YES;
				CLANG_WARN_OBJC_ROOT_CLASS = YES_ERROR;
				CLANG_WARN_RANGE_LOOP_ANALYSIS = YES;
				CLANG_WARN_STRICT_PROTOTYPES = YES;
				CLANG_WARN_SUSPICIOUS_MOVE = YES;
				CLANG_WARN_UNREACHABLE_CODE = YES;
				CLANG_WARN__DUPLICATE_METHOD_MATCH = YES;
				"CODE_SIGN_IDENTITY[sdk=iphoneos*]" = "iPhone Developer";
				COPY_PHASE_STRIP = NO;
				DEBUG_INFORMATION_FORMAT = "dwarf-with-dsym";
				ENABLE_NS_ASSERTIONS = NO;
				ENABLE_STRICT_OBJC_MSGSEND = YES;
				GCC_C_LANGUAGE_STANDARD = gnu99;
				GCC_NO_COMMON_BLOCKS = YES;
				GCC_WARN_64_TO_32_BIT_CONVERSION = YES;
				GCC_WARN_ABOUT_RETURN_TYPE = YES_ERROR;
				GCC_WARN_UNDECLARED_SELECTOR = YES;
				GCC_WARN_UNINITIALIZED_AUTOS = YES_AGGRESSIVE;
				GCC_WARN_UNUSED_FUNCTION = YES;
				GCC_WARN_UNUSED_VARIABLE = YES;
				IPHONEOS_DEPLOYMENT_TARGET = 8.0;
				MTL_ENABLE_DEBUG_INFO = NO;
				SDKROOT = iphoneos;
				VALIDATE_PRODUCT = YES;
			};
			name = Release;
		};
		C4272F251F5CEEB6005FCD17 /* Debug */ = {
			isa = XCBuildConfiguration;
			baseConfigurationReference = F2B803D68DE0681B291D0F46 /* Pods-塑形大师.debug.xcconfig */;
			buildSettings = {
				ASSETCATALOG_COMPILER_APPICON_NAME = AppIcon;
				DEVELOPMENT_TEAM = CA9DY76H9N;
				GCC_PREFIX_HEADER = "$(SRCROOT)/塑形大师/PrefixHeader.pch";
				INFOPLIST_FILE = "塑形大师/Info.plist";
				IPHONEOS_DEPLOYMENT_TARGET = 8.0;
				LD_RUNPATH_SEARCH_PATHS = "$(inherited) @executable_path/Frameworks";
				PRODUCT_BUNDLE_IDENTIFIER = com.tenyears.shapingmaster01;
				PRODUCT_NAME = "$(TARGET_NAME)";
			};
			name = Debug;
		};
		C4272F261F5CEEB6005FCD17 /* Release */ = {
			isa = XCBuildConfiguration;
			baseConfigurationReference = 8F07FC7B42FEE8D1F7D7C978 /* Pods-塑形大师.release.xcconfig */;
			buildSettings = {
				ASSETCATALOG_COMPILER_APPICON_NAME = AppIcon;
				DEVELOPMENT_TEAM = CA9DY76H9N;
				GCC_PREFIX_HEADER = "$(SRCROOT)/塑形大师/PrefixHeader.pch";
				INFOPLIST_FILE = "塑形大师/Info.plist";
				IPHONEOS_DEPLOYMENT_TARGET = 8.0;
				LD_RUNPATH_SEARCH_PATHS = "$(inherited) @executable_path/Frameworks";
				PRODUCT_BUNDLE_IDENTIFIER = com.tenyears.shapingmaster01;
				PRODUCT_NAME = "$(TARGET_NAME)";
			};
			name = Release;
		};
/* End XCBuildConfiguration section */

/* Begin XCConfigurationList section */
		C4272F081F5CEEB6005FCD17 /* Build configuration list for PBXProject "塑形大师" */ = {
			isa = XCConfigurationList;
			buildConfigurations = (
				C4272F221F5CEEB6005FCD17 /* Debug */,
				C4272F231F5CEEB6005FCD17 /* Release */,
			);
			defaultConfigurationIsVisible = 0;
			defaultConfigurationName = Release;
		};
		C4272F241F5CEEB6005FCD17 /* Build configuration list for PBXNativeTarget "塑形大师" */ = {
			isa = XCConfigurationList;
			buildConfigurations = (
				C4272F251F5CEEB6005FCD17 /* Debug */,
				C4272F261F5CEEB6005FCD17 /* Release */,
			);
			defaultConfigurationIsVisible = 0;
			defaultConfigurationName = Release;
		};
/* End XCConfigurationList section */
	};
	rootObject = C4272F051F5CEEB6005FCD17 /* Project object */;
}
